// !$*UTF8*$!
{
	archiveVersion = 1;
	classes = {
	};
	objectVersion = 56;
	objects = {

/* Begin PBXBuildFile section */
		C089F23E2C594B5700ABD21F /* Palette.swift in Sources */ = {isa = PBXBuildFile; fileRef = C089F23D2C594B5700ABD21F /* Palette.swift */; };
		C089F2402C594C3E00ABD21F /* PaletteStore.swift in Sources */ = {isa = PBXBuildFile; fileRef = C089F23F2C594C3E00ABD21F /* PaletteStore.swift */; };
		C089F2462C594EE100ABD21F /* PaletteChooser.swift in Sources */ = {isa = PBXBuildFile; fileRef = C089F2452C594EE100ABD21F /* PaletteChooser.swift */; };
		C090B4BA2C5830C200FE8E16 /* EmojiArtApp.swift in Sources */ = {isa = PBXBuildFile; fileRef = C090B4B92C5830C200FE8E16 /* EmojiArtApp.swift */; };
		C090B4BE2C5830C400FE8E16 /* Assets.xcassets in Resources */ = {isa = PBXBuildFile; fileRef = C090B4BD2C5830C400FE8E16 /* Assets.xcassets */; };
		C090B4C12C5830C400FE8E16 /* Preview Assets.xcassets in Resources */ = {isa = PBXBuildFile; fileRef = C090B4C02C5830C400FE8E16 /* Preview Assets.xcassets */; };
		C090B4C82C58314400FE8E16 /* EmojiArt.swift in Sources */ = {isa = PBXBuildFile; fileRef = C090B4C72C58314400FE8E16 /* EmojiArt.swift */; };
		C090B4CA2C58320C00FE8E16 /* EmojiArtDocument.swift in Sources */ = {isa = PBXBuildFile; fileRef = C090B4C92C58320C00FE8E16 /* EmojiArtDocument.swift */; };
		C090B4CC2C58335300FE8E16 /* EmojiArtDocumentView.swift in Sources */ = {isa = PBXBuildFile; fileRef = C090B4CB2C58335300FE8E16 /* EmojiArtDocumentView.swift */; };
		C090B4CE2C5834EE00FE8E16 /* Extensions.swift in Sources */ = {isa = PBXBuildFile; fileRef = C090B4CD2C5834EE00FE8E16 /* Extensions.swift */; };
		C090B4D02C58444700FE8E16 /* Sturldata.swift in Sources */ = {isa = PBXBuildFile; fileRef = C090B4CF2C58444700FE8E16 /* Sturldata.swift */; };
/* End PBXBuildFile section */

/* Begin PBXFileReference section */
		C089F23D2C594B5700ABD21F /* Palette.swift */ = {isa = PBXFileReference; lastKnownFileType = sourcecode.swift; path = Palette.swift; sourceTree = "<group>"; };
		C089F23F2C594C3E00ABD21F /* PaletteStore.swift */ = {isa = PBXFileReference; lastKnownFileType = sourcecode.swift; path = PaletteStore.swift; sourceTree = "<group>"; };
		C089F2452C594EE100ABD21F /* PaletteChooser.swift */ = {isa = PBXFileReference; lastKnownFileType = sourcecode.swift; path = PaletteChooser.swift; sourceTree = "<group>"; };
		C090B4B62C5830C200FE8E16 /* Emoji Art.app */ = {isa = PBXFileReference; explicitFileType = wrapper.application; includeInIndex = 0; path = "Emoji Art.app"; sourceTree = BUILT_PRODUCTS_DIR; };
		C090B4B92C5830C200FE8E16 /* EmojiArtApp.swift */ = {isa = PBXFileReference; lastKnownFileType = sourcecode.swift; path = EmojiArtApp.swift; sourceTree = "<group>"; };
		C090B4BD2C5830C400FE8E16 /* Assets.xcassets */ = {isa = PBXFileReference; lastKnownFileType = folder.assetcatalog; path = Assets.xcassets; sourceTree = "<group>"; };
		C090B4C02C5830C400FE8E16 /* Preview Assets.xcassets */ = {isa = PBXFileReference; lastKnownFileType = folder.assetcatalog; path = "Preview Assets.xcassets"; sourceTree = "<group>"; };
		C090B4C72C58314400FE8E16 /* EmojiArt.swift */ = {isa = PBXFileReference; lastKnownFileType = sourcecode.swift; path = EmojiArt.swift; sourceTree = "<group>"; };
		C090B4C92C58320C00FE8E16 /* EmojiArtDocument.swift */ = {isa = PBXFileReference; lastKnownFileType = sourcecode.swift; path = EmojiArtDocument.swift; sourceTree = "<group>"; };
		C090B4CB2C58335300FE8E16 /* EmojiArtDocumentView.swift */ = {isa = PBXFileReference; lastKnownFileType = sourcecode.swift; path = EmojiArtDocumentView.swift; sourceTree = "<group>"; };
		C090B4CD2C5834EE00FE8E16 /* Extensions.swift */ = {isa = PBXFileReference; lastKnownFileType = sourcecode.swift; path = Extensions.swift; sourceTree = "<group>"; };
		C090B4CF2C58444700FE8E16 /* Sturldata.swift */ = {isa = PBXFileReference; lastKnownFileType = sourcecode.swift; path = Sturldata.swift; sourceTree = "<group>"; };
/* End PBXFileReference section */

/* Begin PBXFrameworksBuildPhase section */
		C090B4B32C5830C200FE8E16 /* Frameworks */ = {
			isa = PBXFrameworksBuildPhase;
			buildActionMask = 2147483647;
			files = (
			);
			runOnlyForDeploymentPostprocessing = 0;
		};
/* End PBXFrameworksBuildPhase section */

/* Begin PBXGroup section */
		C089F2412C594C4D00ABD21F /* Views */ = {
			isa = PBXGroup;
			children = (
				C090B4CB2C58335300FE8E16 /* EmojiArtDocumentView.swift */,
				C089F2452C594EE100ABD21F /* PaletteChooser.swift */,
			);
			path = Views;
			sourceTree = "<group>";
		};
		C089F2422C594C6000ABD21F /* Models */ = {
			isa = PBXGroup;
			children = (
				C090B4C72C58314400FE8E16 /* EmojiArt.swift */,
				C089F23D2C594B5700ABD21F /* Palette.swift */,
			);
			path = Models;
			sourceTree = "<group>";
		};
		C089F2432C594C6B00ABD21F /* ViewModels */ = {
			isa = PBXGroup;
			children = (
				C090B4C92C58320C00FE8E16 /* EmojiArtDocument.swift */,
				C089F23F2C594C3E00ABD21F /* PaletteStore.swift */,
			);
			path = ViewModels;
			sourceTree = "<group>";
		};
		C089F2442C594C8400ABD21F /* Utilities */ = {
			isa = PBXGroup;
			children = (
				C090B4CD2C5834EE00FE8E16 /* Extensions.swift */,
				C090B4CF2C58444700FE8E16 /* Sturldata.swift */,
			);
			path = Utilities;
			sourceTree = "<group>";
		};
		C090B4AD2C5830C200FE8E16 = {
			isa = PBXGroup;
			children = (
				C090B4B82C5830C200FE8E16 /* Emoji Art */,
				C090B4B72C5830C200FE8E16 /* Products */,
			);
			sourceTree = "<group>";
		};
		C090B4B72C5830C200FE8E16 /* Products */ = {
			isa = PBXGroup;
			children = (
				C090B4B62C5830C200FE8E16 /* Emoji Art.app */,
			);
			name = Products;
			sourceTree = "<group>";
		};
		C090B4B82C5830C200FE8E16 /* Emoji Art */ = {
			isa = PBXGroup;
			children = (
				C090B4B92C5830C200FE8E16 /* EmojiArtApp.swift */,
				C089F2422C594C6000ABD21F /* Models */,
				C089F2432C594C6B00ABD21F /* ViewModels */,
				C089F2412C594C4D00ABD21F /* Views */,
				C089F2442C594C8400ABD21F /* Utilities */,
				C090B4BD2C5830C400FE8E16 /* Assets.xcassets */,
				C090B4BF2C5830C400FE8E16 /* Preview Content */,
			);
			path = "Emoji Art";
			sourceTree = "<group>";
		};
		C090B4BF2C5830C400FE8E16 /* Preview Content */ = {
			isa = PBXGroup;
			children = (
				C090B4C02C5830C400FE8E16 /* Preview Assets.xcassets */,
			);
			path = "Preview Content";
			sourceTree = "<group>";
		};
/* End PBXGroup section */

/* Begin PBXNativeTarget section */
		C090B4B52C5830C200FE8E16 /* Emoji Art */ = {
			isa = PBXNativeTarget;
			buildConfigurationList = C090B4C42C5830C400FE8E16 /* Build configuration list for PBXNativeTarget "Emoji Art" */;
			buildPhases = (
				C090B4B22C5830C200FE8E16 /* Sources */,
				C090B4B32C5830C200FE8E16 /* Frameworks */,
				C090B4B42C5830C200FE8E16 /* Resources */,
			);
			buildRules = (
			);
			dependencies = (
			);
			name = "Emoji Art";
			productName = "Emoji Art";
			productReference = C090B4B62C5830C200FE8E16 /* Emoji Art.app */;
			productType = "com.apple.product-type.application";
		};
/* End PBXNativeTarget section */

/* Begin PBXProject section */
		C090B4AE2C5830C200FE8E16 /* Project object */ = {
			isa = PBXProject;
			attributes = {
				BuildIndependentTargetsInParallel = 1;
				LastSwiftUpdateCheck = 1540;
				LastUpgradeCheck = 1540;
				TargetAttributes = {
					C090B4B52C5830C200FE8E16 = {
						CreatedOnToolsVersion = 15.4;
					};
				};
			};
			buildConfigurationList = C090B4B12C5830C200FE8E16 /* Build configuration list for PBXProject "Emoji Art" */;
			compatibilityVersion = "Xcode 14.0";
			developmentRegion = en;
			hasScannedForEncodings = 0;
			knownRegions = (
				en,
				Base,
			);
			mainGroup = C090B4AD2C5830C200FE8E16;
			productRefGroup = C090B4B72C5830C200FE8E16 /* Products */;
			projectDirPath = "";
			projectRoot = "";
			targets = (
				C090B4B52C5830C200FE8E16 /* Emoji Art */,
			);
		};
/* End PBXProject section */

/* Begin PBXResourcesBuildPhase section */
		C090B4B42C5830C200FE8E16 /* Resources */ = {
			isa = PBXResourcesBuildPhase;
			buildActionMask = 2147483647;
			files = (
				C090B4C12C5830C400FE8E16 /* Preview Assets.xcassets in Resources */,
				C090B4BE2C5830C400FE8E16 /* Assets.xcassets in Resources */,
			);
			runOnlyForDeploymentPostprocessing = 0;
		};
/* End PBXResourcesBuildPhase section */

/* Begin PBXSourcesBuildPhase section */
		C090B4B22C5830C200FE8E16 /* Sources */ = {
			isa = PBXSourcesBuildPhase;
			buildActionMask = 2147483647;
			files = (
				C090B4CC2C58335300FE8E16 /* EmojiArtDocumentView.swift in Sources */,
				C089F2402C594C3E00ABD21F /* PaletteStore.swift in Sources */,
				C090B4CE2C5834EE00FE8E16 /* Extensions.swift in Sources */,
				C090B4C82C58314400FE8E16 /* EmojiArt.swift in Sources */,
				C090B4BA2C5830C200FE8E16 /* EmojiArtApp.swift in Sources */,
				C090B4D02C58444700FE8E16 /* Sturldata.swift in Sources */,
				C090B4CA2C58320C00FE8E16 /* EmojiArtDocument.swift in Sources */,
				C089F23E2C594B5700ABD21F /* Palette.swift in Sources */,
				C089F2462C594EE100ABD21F /* PaletteChooser.swift in Sources */,
			);
			runOnlyForDeploymentPostprocessing = 0;
		};
/* End PBXSourcesBuildPhase section */

/* Begin XCBuildConfiguration section */
		C090B4C22C5830C400FE8E16 /* Debug */ = {
			isa = XCBuildConfiguration;
			buildSettings = {
				ALWAYS_SEARCH_USER_PATHS = NO;
				ASSETCATALOG_COMPILER_GENERATE_SWIFT_ASSET_SYMBOL_EXTENSIONS = YES;
				CLANG_ANALYZER_NONNULL = YES;
				CLANG_ANALYZER_NUMBER_OBJECT_CONVERSION = YES_AGGRESSIVE;
				CLANG_CXX_LANGUAGE_STANDARD = "gnu++20";
				CLANG_ENABLE_MODULES = YES;
				CLANG_ENABLE_OBJC_ARC = YES;
				CLANG_ENABLE_OBJC_WEAK = YES;
				CLANG_WARN_BLOCK_CAPTURE_AUTORELEASING = YES;
				CLANG_WARN_BOOL_CONVERSION = YES;
				CLANG_WARN_COMMA = YES;
				CLANG_WARN_CONSTANT_CONVERSION = YES;
				CLANG_WARN_DEPRECATED_OBJC_IMPLEMENTATIONS = YES;
				CLANG_WARN_DIRECT_OBJC_ISA_USAGE = YES_ERROR;
				CLANG_WARN_DOCUMENTATION_COMMENTS = YES;
				CLANG_WARN_EMPTY_BODY = YES;
				CLANG_WARN_ENUM_CONVERSION = YES;
				CLANG_WARN_INFINITE_RECURSION = YES;
				CLANG_WARN_INT_CONVERSION = YES;
				CLANG_WARN_NON_LITERAL_NULL_CONVERSION = YES;
				CLANG_WARN_OBJC_IMPLICIT_RETAIN_SELF = YES;
				CLANG_WARN_OBJC_LITERAL_CONVERSION = YES;
				CLANG_WARN_OBJC_ROOT_CLASS = YES_ERROR;
				CLANG_WARN_QUOTED_INCLUDE_IN_FRAMEWORK_HEADER = YES;
				CLANG_WARN_RANGE_LOOP_ANALYSIS = YES;
				CLANG_WARN_STRICT_PROTOTYPES = YES;
				CLANG_WARN_SUSPICIOUS_MOVE = YES;
				CLANG_WARN_UNGUARDED_AVAILABILITY = YES_AGGRESSIVE;
				CLANG_WARN_UNREACHABLE_CODE = YES;
				CLANG_WARN__DUPLICATE_METHOD_MATCH = YES;
				COPY_PHASE_STRIP = NO;
				DEBUG_INFORMATION_FORMAT = dwarf;
				ENABLE_STRICT_OBJC_MSGSEND = YES;
				ENABLE_TESTABILITY = YES;
				ENABLE_USER_SCRIPT_SANDBOXING = YES;
				GCC_C_LANGUAGE_STANDARD = gnu17;
				GCC_DYNAMIC_NO_PIC = NO;
				GCC_NO_COMMON_BLOCKS = YES;
				GCC_OPTIMIZATION_LEVEL = 0;
				GCC_PREPROCESSOR_DEFINITIONS = (
					"DEBUG=1",
					"$(inherited)",
				);
				GCC_WARN_64_TO_32_BIT_CONVERSION = YES;
				GCC_WARN_ABOUT_RETURN_TYPE = YES_ERROR;
				GCC_WARN_UNDECLARED_SELECTOR = YES;
				GCC_WARN_UNINITIALIZED_AUTOS = YES_AGGRESSIVE;
				GCC_WARN_UNUSED_FUNCTION = YES;
				GCC_WARN_UNUSED_VARIABLE = YES;
				IPHONEOS_DEPLOYMENT_TARGET = 17.5;
				LOCALIZATION_PREFERS_STRING_CATALOGS = YES;
				MTL_ENABLE_DEBUG_INFO = INCLUDE_SOURCE;
				MTL_FAST_MATH = YES;
				ONLY_ACTIVE_ARCH = YES;
				SDKROOT = iphoneos;
				SWIFT_ACTIVE_COMPILATION_CONDITIONS = "DEBUG $(inherited)";
				SWIFT_OPTIMIZATION_LEVEL = "-Onone";
			};
			name = Debug;
		};
		C090B4C32C5830C400FE8E16 /* Release */ = {
			isa = XCBuildConfiguration;
			buildSettings = {
				ALWAYS_SEARCH_USER_PATHS = NO;
				ASSETCATALOG_COMPILER_GENERATE_SWIFT_ASSET_SYMBOL_EXTENSIONS = YES;
				CLANG_ANALYZER_NONNULL = YES;
				CLANG_ANALYZER_NUMBER_OBJECT_CONVERSION = YES_AGGRESSIVE;
				CLANG_CXX_LANGUAGE_STANDARD = "gnu++20";
				CLANG_ENABLE_MODULES = YES;
				CLANG_ENABLE_OBJC_ARC = YES;
				CLANG_ENABLE_OBJC_WEAK = YES;
				CLANG_WARN_BLOCK_CAPTURE_AUTORELEASING = YES;
				CLANG_WARN_BOOL_CONVERSION = YES;
				CLANG_WARN_COMMA = YES;
				CLANG_WARN_CONSTANT_CONVERSION = YES;
				CLANG_WARN_DEPRECATED_OBJC_IMPLEMENTATIONS = YES;
				CLANG_WARN_DIRECT_OBJC_ISA_USAGE = YES_ERROR;
				CLANG_WARN_DOCUMENTATION_COMMENTS = YES;
				CLANG_WARN_EMPTY_BODY = YES;
				CLANG_WARN_ENUM_CONVERSION = YES;
				CLANG_WARN_INFINITE_RECURSION = YES;
				CLANG_WARN_INT_CONVERSION = YES;
				CLANG_WARN_NON_LITERAL_NULL_CONVERSION = YES;
				CLANG_WARN_OBJC_IMPLICIT_RETAIN_SELF = YES;
				CLANG_WARN_OBJC_LITERAL_CONVERSION = YES;
				CLANG_WARN_OBJC_ROOT_CLASS = YES_ERROR;
				CLANG_WARN_QUOTED_INCLUDE_IN_FRAMEWORK_HEADER = YES;
				CLANG_WARN_RANGE_LOOP_ANALYSIS = YES;
				CLANG_WARN_STRICT_PROTOTYPES = YES;
				CLANG_WARN_SUSPICIOUS_MOVE = YES;
				CLANG_WARN_UNGUARDED_AVAILABILITY = YES_AGGRESSIVE;
				CLANG_WARN_UNREACHABLE_CODE = YES;
				CLANG_WARN__DUPLICATE_METHOD_MATCH = YES;
				COPY_PHASE_STRIP = NO;
				DEBUG_INFORMATION_FORMAT = "dwarf-with-dsym";
				ENABLE_NS_ASSERTIONS = NO;
				ENABLE_STRICT_OBJC_MSGSEND = YES;
				ENABLE_USER_SCRIPT_SANDBOXING = YES;
				GCC_C_LANGUAGE_STANDARD = gnu17;
				GCC_NO_COMMON_BLOCKS = YES;
				GCC_WARN_64_TO_32_BIT_CONVERSION = YES;
				GCC_WARN_ABOUT_RETURN_TYPE = YES_ERROR;
				GCC_WARN_UNDECLARED_SELECTOR = YES;
				GCC_WARN_UNINITIALIZED_AUTOS = YES_AGGRESSIVE;
				GCC_WARN_UNUSED_FUNCTION = YES;
				GCC_WARN_UNUSED_VARIABLE = YES;
				IPHONEOS_DEPLOYMENT_TARGET = 17.5;
				LOCALIZATION_PREFERS_STRING_CATALOGS = YES;
				MTL_ENABLE_DEBUG_INFO = NO;
				MTL_FAST_MATH = YES;
				SDKROOT = iphoneos;
				SWIFT_COMPILATION_MODE = wholemodule;
				VALIDATE_PRODUCT = YES;
			};
			name = Release;
		};
		C090B4C52C5830C400FE8E16 /* Debug */ = {
			isa = XCBuildConfiguration;
			buildSettings = {
				ASSETCATALOG_COMPILER_APPICON_NAME = AppIcon;
				ASSETCATALOG_COMPILER_GLOBAL_ACCENT_COLOR_NAME = AccentColor;
				CODE_SIGN_STYLE = Automatic;
				CURRENT_PROJECT_VERSION = 1;
				DEVELOPMENT_ASSET_PATHS = "\"Emoji Art/Preview Content\"";
				DEVELOPMENT_TEAM = GMFWZPB396;
				ENABLE_PREVIEWS = YES;
				GENERATE_INFOPLIST_FILE = YES;
				INFOPLIST_KEY_UIApplicationSceneManifest_Generation = YES;
				INFOPLIST_KEY_UIApplicationSupportsIndirectInputEvents = YES;
				INFOPLIST_KEY_UILaunchScreen_Generation = YES;
				INFOPLIST_KEY_UISupportedInterfaceOrientations_iPad = "UIInterfaceOrientationPortrait UIInterfaceOrientationPortraitUpsideDown UIInterfaceOrientationLandscapeLeft UIInterfaceOrientationLandscapeRight";
				INFOPLIST_KEY_UISupportedInterfaceOrientations_iPhone = "UIInterfaceOrientationPortrait UIInterfaceOrientationLandscapeLeft UIInterfaceOrientationLandscapeRight";
				LD_RUNPATH_SEARCH_PATHS = (
					"$(inherited)",
					"@executable_path/Frameworks",
				);
				MARKETING_VERSION = 1.0;
				PRODUCT_BUNDLE_IDENTIFIER = "com.njvanhaute.Emoji-Art";
				PRODUCT_NAME = "$(TARGET_NAME)";
				SWIFT_EMIT_LOC_STRINGS = YES;
				SWIFT_VERSION = 5.0;
				TARGETED_DEVICE_FAMILY = "1,2";
			};
			name = Debug;
		};
		C090B4C62C5830C400FE8E16 /* Release */ = {
			isa = XCBuildConfiguration;
			buildSettings = {
				ASSETCATALOG_COMPILER_APPICON_NAME = AppIcon;
				ASSETCATALOG_COMPILER_GLOBAL_ACCENT_COLOR_NAME = AccentColor;
				CODE_SIGN_STYLE = Automatic;
				CURRENT_PROJECT_VERSION = 1;
				DEVELOPMENT_ASSET_PATHS = "\"Emoji Art/Preview Content\"";
				DEVELOPMENT_TEAM = GMFWZPB396;
				ENABLE_PREVIEWS = YES;
				GENERATE_INFOPLIST_FILE = YES;
				INFOPLIST_KEY_UIApplicationSceneManifest_Generation = YES;
				INFOPLIST_KEY_UIApplicationSupportsIndirectInputEvents = YES;
				INFOPLIST_KEY_UILaunchScreen_Generation = YES;
				INFOPLIST_KEY_UISupportedInterfaceOrientations_iPad = "UIInterfaceOrientationPortrait UIInterfaceOrientationPortraitUpsideDown UIInterfaceOrientationLandscapeLeft UIInterfaceOrientationLandscapeRight";
				INFOPLIST_KEY_UISupportedInterfaceOrientations_iPhone = "UIInterfaceOrientationPortrait UIInterfaceOrientationLandscapeLeft UIInterfaceOrientationLandscapeRight";
				LD_RUNPATH_SEARCH_PATHS = (
					"$(inherited)",
					"@executable_path/Frameworks",
				);
				MARKETING_VERSION = 1.0;
				PRODUCT_BUNDLE_IDENTIFIER = "com.njvanhaute.Emoji-Art";
				PRODUCT_NAME = "$(TARGET_NAME)";
				SWIFT_EMIT_LOC_STRINGS = YES;
				SWIFT_VERSION = 5.0;
				TARGETED_DEVICE_FAMILY = "1,2";
			};
			name = Release;
		};
/* End XCBuildConfiguration section */

/* Begin XCConfigurationList section */
		C090B4B12C5830C200FE8E16 /* Build configuration list for PBXProject "Emoji Art" */ = {
			isa = XCConfigurationList;
			buildConfigurations = (
				C090B4C22C5830C400FE8E16 /* Debug */,
				C090B4C32C5830C400FE8E16 /* Release */,
			);
			defaultConfigurationIsVisible = 0;
			defaultConfigurationName = Release;
		};
		C090B4C42C5830C400FE8E16 /* Build configuration list for PBXNativeTarget "Emoji Art" */ = {
			isa = XCConfigurationList;
			buildConfigurations = (
				C090B4C52C5830C400FE8E16 /* Debug */,
				C090B4C62C5830C400FE8E16 /* Release */,
			);
			defaultConfigurationIsVisible = 0;
			defaultConfigurationName = Release;
		};
/* End XCConfigurationList section */
	};
	rootObject = C090B4AE2C5830C200FE8E16 /* Project object */;
}
